
Microsoft Visual Studio Solution File, Format Version 12.00
# Visual Studio Version 16
VisualStudioVersion = 16.0.29920.165
MinimumVisualStudioVersion = 10.0.40219.1
Project("{888888A0-9F3D-457C-B088-3A5042F75D52}") = "Curso Python", "Curso Python\Curso Python.pyproj", "{5434CED3-A112-4A93-AC3F-F58B7E5E53A2}"
EndProject
Global
	GlobalSection(SolutionConfigurationPlatforms) = preSolution
		Debug|Any CPU = Debug|Any CPU
		Release|Any CPU = Release|Any CPU
	EndGlobalSection
	GlobalSection(ProjectConfigurationPlatforms) = postSolution
		{5434CED3-A112-4A93-AC3F-F58B7E5E53A2}.Debug|Any CPU.ActiveCfg = Debug|Any CPU
		{5434CED3-A112-4A93-AC3F-F58B7E5E53A2}.Release|Any CPU.ActiveCfg = Release|Any CPU
	EndGlobalSection
	GlobalSection(SolutionProperties) = preSolution
		HideSolutionNode = FALSE
	EndGlobalSection
	GlobalSection(ExtensibilityGlobals) = postSolution
		SolutionGuid = {92D37DB6-D972-4499-8237-046075EF17B8}
	EndGlobalSection
EndGlobal
